
Microsoft Visual Studio Solution File, Format Version 12.00
# Visual Studio 15
VisualStudioVersion = 15.0.27703.1
MinimumVisualStudioVersion = 10.0.40219.1
Project("{FAE04EC0-301F-11D3-BF4B-00C04F79EFBC}") = "DecibelMeter", "DecibelMeter\DecibelMeter.csproj", "{BB02BB82-4694-4749-801B-5CA146BE38D0}"
EndProject
Global
	GlobalSection(SolutionConfigurationPlatforms) = preSolution
		Debug|Any CPU = Debug|Any CPU
		Release|Any CPU = Release|Any CPU
	EndGlobalSection
	GlobalSection(ProjectConfigurationPlatforms) = postSolution
		{BB02BB82-4694-4749-801B-5CA146BE38D0}.Debug|Any CPU.ActiveCfg = Debug|Any CPU
		{BB02BB82-4694-4749-801B-5CA146BE38D0}.Debug|Any CPU.Build.0 = Debug|Any CPU
		{BB02BB82-4694-4749-801B-5CA146BE38D0}.Release|Any CPU.ActiveCfg = Release|Any CPU
		{BB02BB82-4694-4749-801B-5CA146BE38D0}.Release|Any CPU.Build.0 = Release|Any CPU
	EndGlobalSection
	GlobalSection(SolutionProperties) = preSolution
		HideSolutionNode = FALSE
	EndGlobalSection
	GlobalSection(ExtensibilityGlobals) = postSolution
		SolutionGuid = {DB100136-794A-43D9-AC8B-D41330804297}
	EndGlobalSection
EndGlobal
